// !$*UTF8*$!
{
	archiveVersion = 1;
	classes = {
	};
	objectVersion = 50;
	objects = {

/* Begin PBXBuildFile section */
		F6F9B8E721B5FA8F00D14D3D /* AppDelegate.swift in Sources */ = {isa = PBXBuildFile; fileRef = F6F9B8E621B5FA8F00D14D3D /* AppDelegate.swift */; };
		F6F9B8E921B5FA8F00D14D3D /* ViewController.swift in Sources */ = {isa = PBXBuildFile; fileRef = F6F9B8E821B5FA8F00D14D3D /* ViewController.swift */; };
		F6F9B8EE21B5FA9000D14D3D /* Assets.xcassets in Resources */ = {isa = PBXBuildFile; fileRef = F6F9B8ED21B5FA9000D14D3D /* Assets.xcassets */; };
		F6F9B8F121B5FA9000D14D3D /* LaunchScreen.storyboard in Resources */ = {isa = PBXBuildFile; fileRef = F6F9B8EF21B5FA9000D14D3D /* LaunchScreen.storyboard */; };
		F6F9B91E21B603CD00D14D3D /* ApplicationFlow.swift in Sources */ = {isa = PBXBuildFile; fileRef = F6F9B91D21B603CD00D14D3D /* ApplicationFlow.swift */; };
		F6F9B92021B6055200D14D3D /* ApplicationStep.swift in Sources */ = {isa = PBXBuildFile; fileRef = F6F9B91F21B6055200D14D3D /* ApplicationStep.swift */; };
		F6F9B92421B6072B00D14D3D /* DashboardFlow.swift in Sources */ = {isa = PBXBuildFile; fileRef = F6F9B92321B6072B00D14D3D /* DashboardFlow.swift */; };
		F6F9B92621B60F1500D14D3D /* RedHistoryFlow.swift in Sources */ = {isa = PBXBuildFile; fileRef = F6F9B92521B60F1500D14D3D /* RedHistoryFlow.swift */; };
		F6F9B92A21B6111200D14D3D /* GreenFlow.swift in Sources */ = {isa = PBXBuildFile; fileRef = F6F9B92921B6111200D14D3D /* GreenFlow.swift */; };
		F6F9B92F21BD44C600D14D3D /* RedCreateFlow.swift in Sources */ = {isa = PBXBuildFile; fileRef = F6F9B92E21BD44C600D14D3D /* RedCreateFlow.swift */; };
		F6F9B93321BD465600D14D3D /* RedSelectDateVC.swift in Sources */ = {isa = PBXBuildFile; fileRef = F6F9B93221BD465600D14D3D /* RedSelectDateVC.swift */; };
		F6F9B93621BD469200D14D3D /* RedSelectDateViewModel.swift in Sources */ = {isa = PBXBuildFile; fileRef = F6F9B93521BD469200D14D3D /* RedSelectDateViewModel.swift */; };
		F6F9B93821BD48FB00D14D3D /* RedHistoryVC.swift in Sources */ = {isa = PBXBuildFile; fileRef = F6F9B93721BD48FB00D14D3D /* RedHistoryVC.swift */; };
		F6F9B93A21BD49C100D14D3D /* RedHistoryViewModel.swift in Sources */ = {isa = PBXBuildFile; fileRef = F6F9B93921BD49C100D14D3D /* RedHistoryViewModel.swift */; };
		F6F9B93D21BD656C00D14D3D /* RedRandomNumbersVC.swift in Sources */ = {isa = PBXBuildFile; fileRef = F6F9B93C21BD656C00D14D3D /* RedRandomNumbersVC.swift */; };
		F6F9B93F21BD659B00D14D3D /* RedRandomNumbersViewModel.swift in Sources */ = {isa = PBXBuildFile; fileRef = F6F9B93E21BD659B00D14D3D /* RedRandomNumbersViewModel.swift */; };
		F6F9B94321BD678E00D14D3D /* RedModel.swift in Sources */ = {isa = PBXBuildFile; fileRef = F6F9B94221BD678E00D14D3D /* RedModel.swift */; };
/* End PBXBuildFile section */

/* Begin PBXFileReference section */
		F6F9B8E321B5FA8F00D14D3D /* POC-RxFlow.app */ = {isa = PBXFileReference; explicitFileType = wrapper.application; includeInIndex = 0; path = "POC-RxFlow.app"; sourceTree = BUILT_PRODUCTS_DIR; };
		F6F9B8E621B5FA8F00D14D3D /* AppDelegate.swift */ = {isa = PBXFileReference; lastKnownFileType = sourcecode.swift; path = AppDelegate.swift; sourceTree = "<group>"; };
		F6F9B8E821B5FA8F00D14D3D /* ViewController.swift */ = {isa = PBXFileReference; lastKnownFileType = sourcecode.swift; path = ViewController.swift; sourceTree = "<group>"; };
		F6F9B8ED21B5FA9000D14D3D /* Assets.xcassets */ = {isa = PBXFileReference; lastKnownFileType = folder.assetcatalog; path = Assets.xcassets; sourceTree = "<group>"; };
		F6F9B8F021B5FA9000D14D3D /* Base */ = {isa = PBXFileReference; lastKnownFileType = file.storyboard; name = Base; path = Base.lproj/LaunchScreen.storyboard; sourceTree = "<group>"; };
		F6F9B8F221B5FA9000D14D3D /* Info.plist */ = {isa = PBXFileReference; lastKnownFileType = text.plist.xml; path = Info.plist; sourceTree = "<group>"; };
		F6F9B91D21B603CD00D14D3D /* ApplicationFlow.swift */ = {isa = PBXFileReference; lastKnownFileType = sourcecode.swift; path = ApplicationFlow.swift; sourceTree = "<group>"; };
		F6F9B91F21B6055200D14D3D /* ApplicationStep.swift */ = {isa = PBXFileReference; lastKnownFileType = sourcecode.swift; path = ApplicationStep.swift; sourceTree = "<group>"; };
		F6F9B92321B6072B00D14D3D /* DashboardFlow.swift */ = {isa = PBXFileReference; lastKnownFileType = sourcecode.swift; path = DashboardFlow.swift; sourceTree = "<group>"; };
		F6F9B92521B60F1500D14D3D /* RedHistoryFlow.swift */ = {isa = PBXFileReference; lastKnownFileType = sourcecode.swift; path = RedHistoryFlow.swift; sourceTree = "<group>"; };
		F6F9B92921B6111200D14D3D /* GreenFlow.swift */ = {isa = PBXFileReference; lastKnownFileType = sourcecode.swift; path = GreenFlow.swift; sourceTree = "<group>"; };
		F6F9B92E21BD44C600D14D3D /* RedCreateFlow.swift */ = {isa = PBXFileReference; lastKnownFileType = sourcecode.swift; path = RedCreateFlow.swift; sourceTree = "<group>"; };
		F6F9B93221BD465600D14D3D /* RedSelectDateVC.swift */ = {isa = PBXFileReference; lastKnownFileType = sourcecode.swift; path = RedSelectDateVC.swift; sourceTree = "<group>"; };
		F6F9B93521BD469200D14D3D /* RedSelectDateViewModel.swift */ = {isa = PBXFileReference; lastKnownFileType = sourcecode.swift; path = RedSelectDateViewModel.swift; sourceTree = "<group>"; };
		F6F9B93721BD48FB00D14D3D /* RedHistoryVC.swift */ = {isa = PBXFileReference; lastKnownFileType = sourcecode.swift; path = RedHistoryVC.swift; sourceTree = "<group>"; };
		F6F9B93921BD49C100D14D3D /* RedHistoryViewModel.swift */ = {isa = PBXFileReference; lastKnownFileType = sourcecode.swift; path = RedHistoryViewModel.swift; sourceTree = "<group>"; };
		F6F9B93C21BD656C00D14D3D /* RedRandomNumbersVC.swift */ = {isa = PBXFileReference; lastKnownFileType = sourcecode.swift; path = RedRandomNumbersVC.swift; sourceTree = "<group>"; };
		F6F9B93E21BD659B00D14D3D /* RedRandomNumbersViewModel.swift */ = {isa = PBXFileReference; lastKnownFileType = sourcecode.swift; path = RedRandomNumbersViewModel.swift; sourceTree = "<group>"; };
		F6F9B94221BD678E00D14D3D /* RedModel.swift */ = {isa = PBXFileReference; lastKnownFileType = sourcecode.swift; path = RedModel.swift; sourceTree = "<group>"; };
/* End PBXFileReference section */

/* Begin PBXFrameworksBuildPhase section */
		F6F9B8E021B5FA8F00D14D3D /* Frameworks */ = {
			isa = PBXFrameworksBuildPhase;
			buildActionMask = 2147483647;
			files = (
			);
			runOnlyForDeploymentPostprocessing = 0;
		};
/* End PBXFrameworksBuildPhase section */

/* Begin PBXGroup section */
		F6F9B8DA21B5FA8F00D14D3D = {
			isa = PBXGroup;
			children = (
				F6F9B8E521B5FA8F00D14D3D /* POC-RxFlow */,
				F6F9B8E421B5FA8F00D14D3D /* Products */,
			);
			sourceTree = "<group>";
		};
		F6F9B8E421B5FA8F00D14D3D /* Products */ = {
			isa = PBXGroup;
			children = (
				F6F9B8E321B5FA8F00D14D3D /* POC-RxFlow.app */,
			);
			name = Products;
			sourceTree = "<group>";
		};
		F6F9B8E521B5FA8F00D14D3D /* POC-RxFlow */ = {
			isa = PBXGroup;
			children = (
				F6F9B8F221B5FA9000D14D3D /* Info.plist */,
				F6F9B8E621B5FA8F00D14D3D /* AppDelegate.swift */,
				F6F9B8E821B5FA8F00D14D3D /* ViewController.swift */,
				F6F9B8ED21B5FA9000D14D3D /* Assets.xcassets */,
				F6F9B8EF21B5FA9000D14D3D /* LaunchScreen.storyboard */,
				F6F9B92121B6057700D14D3D /* Flow */,
				F6F9B92221B6057B00D14D3D /* Step */,
			);
			path = "POC-RxFlow";
			sourceTree = "<group>";
		};
		F6F9B92121B6057700D14D3D /* Flow */ = {
			isa = PBXGroup;
			children = (
				F6F9B91D21B603CD00D14D3D /* ApplicationFlow.swift */,
				F6F9B92321B6072B00D14D3D /* DashboardFlow.swift */,
				F6F9B93021BD460200D14D3D /* Red */,
				F6F9B93121BD460A00D14D3D /* Green */,
			);
			path = Flow;
			sourceTree = "<group>";
		};
		F6F9B92221B6057B00D14D3D /* Step */ = {
			isa = PBXGroup;
			children = (
				F6F9B91F21B6055200D14D3D /* ApplicationStep.swift */,
			);
			path = Step;
			sourceTree = "<group>";
		};
		F6F9B93021BD460200D14D3D /* Red */ = {
			isa = PBXGroup;
			children = (
				F6F9B93B21BD49C800D14D3D /* History */,
				F6F9B93421BD465A00D14D3D /* Create */,
			);
			path = Red;
			sourceTree = "<group>";
		};
		F6F9B93121BD460A00D14D3D /* Green */ = {
			isa = PBXGroup;
			children = (
				F6F9B92921B6111200D14D3D /* GreenFlow.swift */,
			);
			path = Green;
			sourceTree = "<group>";
		};
		F6F9B93421BD465A00D14D3D /* Create */ = {
			isa = PBXGroup;
			children = (
				F6F9B92E21BD44C600D14D3D /* RedCreateFlow.swift */,
				F6F9B94221BD678E00D14D3D /* RedModel.swift */,
				F6F9B94021BD65A300D14D3D /* SelectDate */,
				F6F9B94121BD65AA00D14D3D /* RandomNumbers */,
			);
			path = Create;
			sourceTree = "<group>";
		};
		F6F9B93B21BD49C800D14D3D /* History */ = {
			isa = PBXGroup;
			children = (
				F6F9B92521B60F1500D14D3D /* RedHistoryFlow.swift */,
				F6F9B93921BD49C100D14D3D /* RedHistoryViewModel.swift */,
				F6F9B93721BD48FB00D14D3D /* RedHistoryVC.swift */,
			);
			path = History;
			sourceTree = "<group>";
		};
		F6F9B94021BD65A300D14D3D /* SelectDate */ = {
			isa = PBXGroup;
			children = (
				F6F9B93521BD469200D14D3D /* RedSelectDateViewModel.swift */,
				F6F9B93221BD465600D14D3D /* RedSelectDateVC.swift */,
			);
			path = SelectDate;
			sourceTree = "<group>";
		};
		F6F9B94121BD65AA00D14D3D /* RandomNumbers */ = {
			isa = PBXGroup;
			children = (
				F6F9B93C21BD656C00D14D3D /* RedRandomNumbersVC.swift */,
				F6F9B93E21BD659B00D14D3D /* RedRandomNumbersViewModel.swift */,
			);
			path = RandomNumbers;
			sourceTree = "<group>";
		};
/* End PBXGroup section */

/* Begin PBXNativeTarget section */
		F6F9B8E221B5FA8F00D14D3D /* POC-RxFlow */ = {
			isa = PBXNativeTarget;
			buildConfigurationList = F6F9B8F521B5FA9000D14D3D /* Build configuration list for PBXNativeTarget "POC-RxFlow" */;
			buildPhases = (
				F6F9B8DF21B5FA8F00D14D3D /* Sources */,
				F6F9B8E021B5FA8F00D14D3D /* Frameworks */,
				F6F9B8E121B5FA8F00D14D3D /* Resources */,
				F6F9B91521B5FEB200D14D3D /* ShellScript */,
			);
			buildRules = (
			);
			dependencies = (
			);
			name = "POC-RxFlow";
			productName = "POC-RxFlow";
			productReference = F6F9B8E321B5FA8F00D14D3D /* POC-RxFlow.app */;
			productType = "com.apple.product-type.application";
		};
/* End PBXNativeTarget section */

/* Begin PBXProject section */
		F6F9B8DB21B5FA8F00D14D3D /* Project object */ = {
			isa = PBXProject;
			attributes = {
				LastSwiftUpdateCheck = 1010;
				LastUpgradeCheck = 1010;
				ORGANIZATIONNAME = "Ramon Honorio";
				TargetAttributes = {
					F6F9B8E221B5FA8F00D14D3D = {
						CreatedOnToolsVersion = 10.1;
					};
				};
			};
			buildConfigurationList = F6F9B8DE21B5FA8F00D14D3D /* Build configuration list for PBXProject "POC-RxFlow" */;
			compatibilityVersion = "Xcode 9.3";
			developmentRegion = en;
			hasScannedForEncodings = 0;
			knownRegions = (
				en,
				Base,
			);
			mainGroup = F6F9B8DA21B5FA8F00D14D3D;
			productRefGroup = F6F9B8E421B5FA8F00D14D3D /* Products */;
			projectDirPath = "";
			projectRoot = "";
			targets = (
				F6F9B8E221B5FA8F00D14D3D /* POC-RxFlow */,
			);
		};
/* End PBXProject section */

/* Begin PBXResourcesBuildPhase section */
		F6F9B8E121B5FA8F00D14D3D /* Resources */ = {
			isa = PBXResourcesBuildPhase;
			buildActionMask = 2147483647;
			files = (
				F6F9B8F121B5FA9000D14D3D /* LaunchScreen.storyboard in Resources */,
				F6F9B8EE21B5FA9000D14D3D /* Assets.xcassets in Resources */,
			);
			runOnlyForDeploymentPostprocessing = 0;
		};
/* End PBXResourcesBuildPhase section */

/* Begin PBXShellScriptBuildPhase section */
		F6F9B91521B5FEB200D14D3D /* ShellScript */ = {
			isa = PBXShellScriptBuildPhase;
			buildActionMask = 2147483647;
			files = (
			);
			inputFileListPaths = (
			);
			inputPaths = (
				"$(SRCROOT)/Carthage/Build/iOS/RxCocoa.framework",
				"$(SRCROOT)/Carthage/Build/iOS/RxSwift.framework",
				"$(SRCROOT)/Carthage/Build/iOS/RxFlow.framework",
				"$(SRCROOT)/Carthage/Build/iOS/Toaster.framework",
				"$(SRCROOT)/Carthage/Build/iOS/SnapKit.framework",
			);
			outputFileListPaths = (
			);
			outputPaths = (
				"$(BUILT_PRODUCTS_DIR)/$(FRAMEWORKS_FOLDER_PATH)/RxCocoa.framework",
				"$(BUILT_PRODUCTS_DIR)/$(FRAMEWORKS_FOLDER_PATH)/RxSwift.framework",
				"$(BUILT_PRODUCTS_DIR)/$(FRAMEWORKS_FOLDER_PATH)/RxFlow.framework",
				"$(BUILT_PRODUCTS_DIR)/$(FRAMEWORKS_FOLDER_PATH)/Toaster.framework",
				"$(BUILT_PRODUCTS_DIR)/$(FRAMEWORKS_FOLDER_PATH)/SnapKit.framework",
			);
			runOnlyForDeploymentPostprocessing = 0;
			shellPath = /bin/sh;
			shellScript = "/usr/local/bin/carthage copy-frameworks\n";
		};
/* End PBXShellScriptBuildPhase section */

/* Begin PBXSourcesBuildPhase section */
		F6F9B8DF21B5FA8F00D14D3D /* Sources */ = {
			isa = PBXSourcesBuildPhase;
			buildActionMask = 2147483647;
			files = (
				F6F9B8E921B5FA8F00D14D3D /* ViewController.swift in Sources */,
				F6F9B91E21B603CD00D14D3D /* ApplicationFlow.swift in Sources */,
				F6F9B93821BD48FB00D14D3D /* RedHistoryVC.swift in Sources */,
				F6F9B92F21BD44C600D14D3D /* RedCreateFlow.swift in Sources */,
				F6F9B93A21BD49C100D14D3D /* RedHistoryViewModel.swift in Sources */,
				F6F9B92A21B6111200D14D3D /* GreenFlow.swift in Sources */,
				F6F9B93F21BD659B00D14D3D /* RedRandomNumbersViewModel.swift in Sources */,
				F6F9B92421B6072B00D14D3D /* DashboardFlow.swift in Sources */,
				F6F9B92621B60F1500D14D3D /* RedHistoryFlow.swift in Sources */,
				F6F9B93321BD465600D14D3D /* RedSelectDateVC.swift in Sources */,
				F6F9B94321BD678E00D14D3D /* RedModel.swift in Sources */,
				F6F9B8E721B5FA8F00D14D3D /* AppDelegate.swift in Sources */,
				F6F9B92021B6055200D14D3D /* ApplicationStep.swift in Sources */,
				F6F9B93D21BD656C00D14D3D /* RedRandomNumbersVC.swift in Sources */,
				F6F9B93621BD469200D14D3D /* RedSelectDateViewModel.swift in Sources */,
			);
			runOnlyForDeploymentPostprocessing = 0;
		};
/* End PBXSourcesBuildPhase section */

/* Begin PBXVariantGroup section */
		F6F9B8EF21B5FA9000D14D3D /* LaunchScreen.storyboard */ = {
			isa = PBXVariantGroup;
			children = (
				F6F9B8F021B5FA9000D14D3D /* Base */,
			);
			name = LaunchScreen.storyboard;
			sourceTree = "<group>";
		};
/* End PBXVariantGroup section */

/* Begin XCBuildConfiguration section */
		F6F9B8F321B5FA9000D14D3D /* Debug */ = {
			isa = XCBuildConfiguration;
			buildSettings = {
				ALWAYS_SEARCH_USER_PATHS = NO;
				CLANG_ANALYZER_NONNULL = YES;
				CLANG_ANALYZER_NUMBER_OBJECT_CONVERSION = YES_AGGRESSIVE;
				CLANG_CXX_LANGUAGE_STANDARD = "gnu++14";
				CLANG_CXX_LIBRARY = "libc++";
				CLANG_ENABLE_MODULES = YES;
				CLANG_ENABLE_OBJC_ARC = YES;
				CLANG_ENABLE_OBJC_WEAK = YES;
				CLANG_WARN_BLOCK_CAPTURE_AUTORELEASING = YES;
				CLANG_WARN_BOOL_CONVERSION = YES;
				CLANG_WARN_COMMA = YES;
				CLANG_WARN_CONSTANT_CONVERSION = YES;
				CLANG_WARN_DEPRECATED_OBJC_IMPLEMENTATIONS = YES;
				CLANG_WARN_DIRECT_OBJC_ISA_USAGE = YES_ERROR;
				CLANG_WARN_DOCUMENTATION_COMMENTS = YES;
				CLANG_WARN_EMPTY_BODY = YES;
				CLANG_WARN_ENUM_CONVERSION = YES;
				CLANG_WARN_INFINITE_RECURSION = YES;
				CLANG_WARN_INT_CONVERSION = YES;
				CLANG_WARN_NON_LITERAL_NULL_CONVERSION = YES;
				CLANG_WARN_OBJC_IMPLICIT_RETAIN_SELF = YES;
				CLANG_WARN_OBJC_LITERAL_CONVERSION = YES;
				CLANG_WARN_OBJC_ROOT_CLASS = YES_ERROR;
				CLANG_WARN_RANGE_LOOP_ANALYSIS = YES;
				CLANG_WARN_STRICT_PROTOTYPES = YES;
				CLANG_WARN_SUSPICIOUS_MOVE = YES;
				CLANG_WARN_UNGUARDED_AVAILABILITY = YES_AGGRESSIVE;
				CLANG_WARN_UNREACHABLE_CODE = YES;
				CLANG_WARN__DUPLICATE_METHOD_MATCH = YES;
				CODE_SIGN_IDENTITY = "iPhone Developer";
				COPY_PHASE_STRIP = NO;
				DEBUG_INFORMATION_FORMAT = dwarf;
				ENABLE_STRICT_OBJC_MSGSEND = YES;
				ENABLE_TESTABILITY = YES;
				GCC_C_LANGUAGE_STANDARD = gnu11;
				GCC_DYNAMIC_NO_PIC = NO;
				GCC_NO_COMMON_BLOCKS = YES;
				GCC_OPTIMIZATION_LEVEL = 0;
				GCC_PREPROCESSOR_DEFINITIONS = (
					"DEBUG=1",
					"$(inherited)",
				);
				GCC_WARN_64_TO_32_BIT_CONVERSION = YES;
				GCC_WARN_ABOUT_RETURN_TYPE = YES_ERROR;
				GCC_WARN_UNDECLARED_SELECTOR = YES;
				GCC_WARN_UNINITIALIZED_AUTOS = YES_AGGRESSIVE;
				GCC_WARN_UNUSED_FUNCTION = YES;
				GCC_WARN_UNUSED_VARIABLE = YES;
				IPHONEOS_DEPLOYMENT_TARGET = 12.1;
				MTL_ENABLE_DEBUG_INFO = INCLUDE_SOURCE;
				MTL_FAST_MATH = YES;
				ONLY_ACTIVE_ARCH = YES;
				SDKROOT = iphoneos;
				SWIFT_ACTIVE_COMPILATION_CONDITIONS = DEBUG;
				SWIFT_OPTIMIZATION_LEVEL = "-Onone";
			};
			name = Debug;
		};
		F6F9B8F421B5FA9000D14D3D /* Release */ = {
			isa = XCBuildConfiguration;
			buildSettings = {
				ALWAYS_SEARCH_USER_PATHS = NO;
				CLANG_ANALYZER_NONNULL = YES;
				CLANG_ANALYZER_NUMBER_OBJECT_CONVERSION = YES_AGGRESSIVE;
				CLANG_CXX_LANGUAGE_STANDARD = "gnu++14";
				CLANG_CXX_LIBRARY = "libc++";
				CLANG_ENABLE_MODULES = YES;
				CLANG_ENABLE_OBJC_ARC = YES;
				CLANG_ENABLE_OBJC_WEAK = YES;
				CLANG_WARN_BLOCK_CAPTURE_AUTORELEASING = YES;
				CLANG_WARN_BOOL_CONVERSION = YES;
				CLANG_WARN_COMMA = YES;
				CLANG_WARN_CONSTANT_CONVERSION = YES;
				CLANG_WARN_DEPRECATED_OBJC_IMPLEMENTATIONS = YES;
				CLANG_WARN_DIRECT_OBJC_ISA_USAGE = YES_ERROR;
				CLANG_WARN_DOCUMENTATION_COMMENTS = YES;
				CLANG_WARN_EMPTY_BODY = YES;
				CLANG_WARN_ENUM_CONVERSION = YES;
				CLANG_WARN_INFINITE_RECURSION = YES;
				CLANG_WARN_INT_CONVERSION = YES;
				CLANG_WARN_NON_LITERAL_NULL_CONVERSION = YES;
				CLANG_WARN_OBJC_IMPLICIT_RETAIN_SELF = YES;
				CLANG_WARN_OBJC_LITERAL_CONVERSION = YES;
				CLANG_WARN_OBJC_ROOT_CLASS = YES_ERROR;
				CLANG_WARN_RANGE_LOOP_ANALYSIS = YES;
				CLANG_WARN_STRICT_PROTOTYPES = YES;
				CLANG_WARN_SUSPICIOUS_MOVE = YES;
				CLANG_WARN_UNGUARDED_AVAILABILITY = YES_AGGRESSIVE;
				CLANG_WARN_UNREACHABLE_CODE = YES;
				CLANG_WARN__DUPLICATE_METHOD_MATCH = YES;
				CODE_SIGN_IDENTITY = "iPhone Developer";
				COPY_PHASE_STRIP = NO;
				DEBUG_INFORMATION_FORMAT = "dwarf-with-dsym";
				ENABLE_NS_ASSERTIONS = NO;
				ENABLE_STRICT_OBJC_MSGSEND = YES;
				GCC_C_LANGUAGE_STANDARD = gnu11;
				GCC_NO_COMMON_BLOCKS = YES;
				GCC_WARN_64_TO_32_BIT_CONVERSION = YES;
				GCC_WARN_ABOUT_RETURN_TYPE = YES_ERROR;
				GCC_WARN_UNDECLARED_SELECTOR = YES;
				GCC_WARN_UNINITIALIZED_AUTOS = YES_AGGRESSIVE;
				GCC_WARN_UNUSED_FUNCTION = YES;
				GCC_WARN_UNUSED_VARIABLE = YES;
				IPHONEOS_DEPLOYMENT_TARGET = 12.1;
				MTL_ENABLE_DEBUG_INFO = NO;
				MTL_FAST_MATH = YES;
				SDKROOT = iphoneos;
				SWIFT_COMPILATION_MODE = wholemodule;
				SWIFT_OPTIMIZATION_LEVEL = "-O";
				VALIDATE_PRODUCT = YES;
			};
			name = Release;
		};
		F6F9B8F621B5FA9000D14D3D /* Debug */ = {
			isa = XCBuildConfiguration;
			buildSettings = {
				ASSETCATALOG_COMPILER_APPICON_NAME = AppIcon;
				CODE_SIGN_STYLE = Automatic;
				FRAMEWORK_SEARCH_PATHS = (
					"$(inherited)",
					"$(PROJECT_DIR)/Carthage/Build/iOS",
				);
				INFOPLIST_FILE = "POC-RxFlow/Info.plist";
				IPHONEOS_DEPLOYMENT_TARGET = 10.0;
				LD_RUNPATH_SEARCH_PATHS = (
					"$(inherited)",
					"@executable_path/Frameworks",
				);
				PRODUCT_BUNDLE_IDENTIFIER = "br.com.ramonilho.POC-RxFlow";
				PRODUCT_NAME = "$(TARGET_NAME)";
				SWIFT_VERSION = 4.2;
				TARGETED_DEVICE_FAMILY = "1,2";
			};
			name = Debug;
		};
		F6F9B8F721B5FA9000D14D3D /* Release */ = {
			isa = XCBuildConfiguration;
			buildSettings = {
				ASSETCATALOG_COMPILER_APPICON_NAME = AppIcon;
				CODE_SIGN_STYLE = Automatic;
				FRAMEWORK_SEARCH_PATHS = (
					"$(inherited)",
					"$(PROJECT_DIR)/Carthage/Build/iOS",
				);
				INFOPLIST_FILE = "POC-RxFlow/Info.plist";
				IPHONEOS_DEPLOYMENT_TARGET = 10.0;
				LD_RUNPATH_SEARCH_PATHS = (
					"$(inherited)",
					"@executable_path/Frameworks",
				);
				PRODUCT_BUNDLE_IDENTIFIER = "br.com.ramonilho.POC-RxFlow";
				PRODUCT_NAME = "$(TARGET_NAME)";
				SWIFT_VERSION = 4.2;
				TARGETED_DEVICE_FAMILY = "1,2";
			};
			name = Release;
		};
/* End XCBuildConfiguration section */

/* Begin XCConfigurationList section */
		F6F9B8DE21B5FA8F00D14D3D /* Build configuration list for PBXProject "POC-RxFlow" */ = {
			isa = XCConfigurationList;
			buildConfigurations = (
				F6F9B8F321B5FA9000D14D3D /* Debug */,
				F6F9B8F421B5FA9000D14D3D /* Release */,
			);
			defaultConfigurationIsVisible = 0;
			defaultConfigurationName = Release;
		};
		F6F9B8F521B5FA9000D14D3D /* Build configuration list for PBXNativeTarget "POC-RxFlow" */ = {
			isa = XCConfigurationList;
			buildConfigurations = (
				F6F9B8F621B5FA9000D14D3D /* Debug */,
				F6F9B8F721B5FA9000D14D3D /* Release */,
			);
			defaultConfigurationIsVisible = 0;
			defaultConfigurationName = Release;
		};
/* End XCConfigurationList section */
	};
	rootObject = F6F9B8DB21B5FA8F00D14D3D /* Project object */;
}
